
Microsoft Visual Studio Solution File, Format Version 12.00
# Visual Studio Version 17
VisualStudioVersion = 17.5.33516.290
MinimumVisualStudioVersion = 10.0.40219.1
Project("{FAE04EC0-301F-11D3-BF4B-00C04F79EFBC}") = "BlazorApp1", "BlazorApp1\BlazorApp1.csproj", "{539DBC84-1C15-46D2-B831-BA9A60555C66}"
EndProject
Global
	GlobalSection(SolutionConfigurationPlatforms) = preSolution
		Debug|Any CPU = Debug|Any CPU
		Release|Any CPU = Release|Any CPU
	EndGlobalSection
	GlobalSection(ProjectConfigurationPlatforms) = postSolution
		{539DBC84-1C15-46D2-B831-BA9A60555C66}.Debug|Any CPU.ActiveCfg = Debug|Any CPU
		{539DBC84-1C15-46D2-B831-BA9A60555C66}.Debug|Any CPU.Build.0 = Debug|Any CPU
		{539DBC84-1C15-46D2-B831-BA9A60555C66}.Release|Any CPU.ActiveCfg = Release|Any CPU
		{539DBC84-1C15-46D2-B831-BA9A60555C66}.Release|Any CPU.Build.0 = Release|Any CPU
	EndGlobalSection
	GlobalSection(SolutionProperties) = preSolution
		HideSolutionNode = FALSE
	EndGlobalSection
	GlobalSection(ExtensibilityGlobals) = postSolution
		SolutionGuid = {730E79BA-6E13-4C39-A366-7BC1B30324AC}
	EndGlobalSection
EndGlobal
